
Microsoft Visual Studio Solution File, Format Version 12.00
# Visual Studio Version 16
VisualStudioVersion = 16.0.32630.194
MinimumVisualStudioVersion = 10.0.40219.1
Project("{FAE04EC0-301F-11D3-BF4B-00C04F79EFBC}") = "Tarea-guía de lab 3", "Tarea-guía de lab 3\Tarea-guía de lab 3.csproj", "{775D9F5F-A173-4F9B-872E-D5DB885B6903}"
EndProject
Global
	GlobalSection(SolutionConfigurationPlatforms) = preSolution
		Debug|Any CPU = Debug|Any CPU
		Release|Any CPU = Release|Any CPU
	EndGlobalSection
	GlobalSection(ProjectConfigurationPlatforms) = postSolution
		{775D9F5F-A173-4F9B-872E-D5DB885B6903}.Debug|Any CPU.ActiveCfg = Debug|Any CPU
		{775D9F5F-A173-4F9B-872E-D5DB885B6903}.Debug|Any CPU.Build.0 = Debug|Any CPU
		{775D9F5F-A173-4F9B-872E-D5DB885B6903}.Release|Any CPU.ActiveCfg = Release|Any CPU
		{775D9F5F-A173-4F9B-872E-D5DB885B6903}.Release|Any CPU.Build.0 = Release|Any CPU
	EndGlobalSection
	GlobalSection(SolutionProperties) = preSolution
		HideSolutionNode = FALSE
	EndGlobalSection
	GlobalSection(ExtensibilityGlobals) = postSolution
		SolutionGuid = {A6710664-9303-4A73-892A-DBCA06BB9D78}
	EndGlobalSection
EndGlobal
